
Microsoft Visual Studio Solution File, Format Version 12.00
# Visual Studio Version 16
VisualStudioVersion = 16.0.31129.286
MinimumVisualStudioVersion = 10.0.40219.1
Project("{9A19103F-16F7-4668-BE54-9A1E7A4F7556}") = "Tafels van vermenigvuldigingen", "Oefeningen Herhalingen\Tafels van vermenigvuldigingen.csproj", "{AABB8969-E7C9-4E1B-8B63-947DE2CE5D9A}"
EndProject
Project("{FAE04EC0-301F-11D3-BF4B-00C04F79EFBC}") = "RNA Transscriptie", "RNA Transscriptie\RNA Transscriptie.csproj", "{F8B3D7B8-1DC4-42D3-A43D-0F3F433B8823}"
EndProject
Project("{FAE04EC0-301F-11D3-BF4B-00C04F79EFBC}") = "Armstrong number", "Armstrong nummber\Armstrong number.csproj", "{43619327-F9C1-45DE-ADD9-1DA099A2C23D}"
EndProject
Project("{FAE04EC0-301F-11D3-BF4B-00C04F79EFBC}") = "Euler project", "Euler project\Euler project.csproj", "{EDA92734-85CB-40DD-AE23-750CEF30A66F}"
EndProject
Project("{FAE04EC0-301F-11D3-BF4B-00C04F79EFBC}") = "For doordenker", "For doordenker\For doordenker.csproj", "{22B32817-DE69-4E1A-A36B-FF8B5E54C89B}"
EndProject
Project("{FAE04EC0-301F-11D3-BF4B-00C04F79EFBC}") = "For doordenker extra", "For doordenker extra\For doordenker extra.csproj", "{33D3E2DF-9EA6-4605-887A-F06651B757B6}"
EndProject
Global
	GlobalSection(SolutionConfigurationPlatforms) = preSolution
		Debug|Any CPU = Debug|Any CPU
		Release|Any CPU = Release|Any CPU
	EndGlobalSection
	GlobalSection(ProjectConfigurationPlatforms) = postSolution
		{AABB8969-E7C9-4E1B-8B63-947DE2CE5D9A}.Debug|Any CPU.ActiveCfg = Debug|Any CPU
		{AABB8969-E7C9-4E1B-8B63-947DE2CE5D9A}.Debug|Any CPU.Build.0 = Debug|Any CPU
		{AABB8969-E7C9-4E1B-8B63-947DE2CE5D9A}.Release|Any CPU.ActiveCfg = Release|Any CPU
		{AABB8969-E7C9-4E1B-8B63-947DE2CE5D9A}.Release|Any CPU.Build.0 = Release|Any CPU
		{F8B3D7B8-1DC4-42D3-A43D-0F3F433B8823}.Debug|Any CPU.ActiveCfg = Debug|Any CPU
		{F8B3D7B8-1DC4-42D3-A43D-0F3F433B8823}.Debug|Any CPU.Build.0 = Debug|Any CPU
		{F8B3D7B8-1DC4-42D3-A43D-0F3F433B8823}.Release|Any CPU.ActiveCfg = Release|Any CPU
		{F8B3D7B8-1DC4-42D3-A43D-0F3F433B8823}.Release|Any CPU.Build.0 = Release|Any CPU
		{43619327-F9C1-45DE-ADD9-1DA099A2C23D}.Debug|Any CPU.ActiveCfg = Debug|Any CPU
		{43619327-F9C1-45DE-ADD9-1DA099A2C23D}.Debug|Any CPU.Build.0 = Debug|Any CPU
		{43619327-F9C1-45DE-ADD9-1DA099A2C23D}.Release|Any CPU.ActiveCfg = Release|Any CPU
		{43619327-F9C1-45DE-ADD9-1DA099A2C23D}.Release|Any CPU.Build.0 = Release|Any CPU
		{EDA92734-85CB-40DD-AE23-750CEF30A66F}.Debug|Any CPU.ActiveCfg = Debug|Any CPU
		{EDA92734-85CB-40DD-AE23-750CEF30A66F}.Debug|Any CPU.Build.0 = Debug|Any CPU
		{EDA92734-85CB-40DD-AE23-750CEF30A66F}.Release|Any CPU.ActiveCfg = Release|Any CPU
		{EDA92734-85CB-40DD-AE23-750CEF30A66F}.Release|Any CPU.Build.0 = Release|Any CPU
		{22B32817-DE69-4E1A-A36B-FF8B5E54C89B}.Debug|Any CPU.ActiveCfg = Debug|Any CPU
		{22B32817-DE69-4E1A-A36B-FF8B5E54C89B}.Debug|Any CPU.Build.0 = Debug|Any CPU
		{22B32817-DE69-4E1A-A36B-FF8B5E54C89B}.Release|Any CPU.ActiveCfg = Release|Any CPU
		{22B32817-DE69-4E1A-A36B-FF8B5E54C89B}.Release|Any CPU.Build.0 = Release|Any CPU
		{33D3E2DF-9EA6-4605-887A-F06651B757B6}.Debug|Any CPU.ActiveCfg = Debug|Any CPU
		{33D3E2DF-9EA6-4605-887A-F06651B757B6}.Debug|Any CPU.Build.0 = Debug|Any CPU
		{33D3E2DF-9EA6-4605-887A-F06651B757B6}.Release|Any CPU.ActiveCfg = Release|Any CPU
		{33D3E2DF-9EA6-4605-887A-F06651B757B6}.Release|Any CPU.Build.0 = Release|Any CPU
	EndGlobalSection
	GlobalSection(SolutionProperties) = preSolution
		HideSolutionNode = FALSE
	EndGlobalSection
	GlobalSection(ExtensibilityGlobals) = postSolution
		SolutionGuid = {819A6485-269A-4189-877C-39442F6A2139}
	EndGlobalSection
EndGlobal
